
Microsoft Visual Studio Solution File, Format Version 12.00
# Visual Studio Version 17
VisualStudioVersion = 17.5.002.0
MinimumVisualStudioVersion = 10.0.40219.1
Project("{9A19103F-16F7-4668-BE54-9A1E7A4F7556}") = "Commandeers", "Commandeers.csproj", "{89AE9BE3-BDF4-43FE-9F73-C421FAB8EB5E}"
EndProject
Global
	GlobalSection(SolutionConfigurationPlatforms) = preSolution
		Debug|Any CPU = Debug|Any CPU
		Release|Any CPU = Release|Any CPU
	EndGlobalSection
	GlobalSection(ProjectConfigurationPlatforms) = postSolution
		{89AE9BE3-BDF4-43FE-9F73-C421FAB8EB5E}.Debug|Any CPU.ActiveCfg = Debug|Any CPU
		{89AE9BE3-BDF4-43FE-9F73-C421FAB8EB5E}.Debug|Any CPU.Build.0 = Debug|Any CPU
		{89AE9BE3-BDF4-43FE-9F73-C421FAB8EB5E}.Release|Any CPU.ActiveCfg = Release|Any CPU
		{89AE9BE3-BDF4-43FE-9F73-C421FAB8EB5E}.Release|Any CPU.Build.0 = Release|Any CPU
	EndGlobalSection
	GlobalSection(SolutionProperties) = preSolution
		HideSolutionNode = FALSE
	EndGlobalSection
	GlobalSection(ExtensibilityGlobals) = postSolution
		SolutionGuid = {2955DA4B-53BD-4957-AED8-E9F652E11A46}
	EndGlobalSection
EndGlobal
